// !$*UTF8*$!
{
	archiveVersion = 1;
	classes = {
	};
	objectVersion = 55;
	objects = {

/* Begin PBXBuildFile section */
		142A21C627EAA3DC00D7FA1F /* SecondOnboardingView.swift in Sources */ = {isa = PBXBuildFile; fileRef = 142A21C527EAA3DC00D7FA1F /* SecondOnboardingView.swift */; };
		142A21C827EAA4DD00D7FA1F /* ThirdOnboardingView.swift in Sources */ = {isa = PBXBuildFile; fileRef = 142A21C727EAA4DD00D7FA1F /* ThirdOnboardingView.swift */; };
		1451B77D27DAD69500D908E6 /* OnboardingView.swift in Sources */ = {isa = PBXBuildFile; fileRef = 1451B77C27DAD69500D908E6 /* OnboardingView.swift */; };
		1451B77F27DAD89000D908E6 /* HomeView.swift in Sources */ = {isa = PBXBuildFile; fileRef = 1451B77E27DAD89000D908E6 /* HomeView.swift */; };
		1451B78527DADAF900D908E6 /* SplashScreenView.swift in Sources */ = {isa = PBXBuildFile; fileRef = 1451B78427DADAF900D908E6 /* SplashScreenView.swift */; };
		146347E127F01C6300DE9D7A /* GifImage.swift in Sources */ = {isa = PBXBuildFile; fileRef = 146347E027F01C6300DE9D7A /* GifImage.swift */; };
		146347F227F02A5400DE9D7A /* scanning.gif in Resources */ = {isa = PBXBuildFile; fileRef = 146347F127F02A5400DE9D7A /* scanning.gif */; };
		14BA675727EF93EB008F86EB /* ItemView.swift in Sources */ = {isa = PBXBuildFile; fileRef = 14BA675627EF93EB008F86EB /* ItemView.swift */; };
		14BA675927EF9D85008F86EB /* CroptypeScanView.swift in Sources */ = {isa = PBXBuildFile; fileRef = 14BA675827EF9D85008F86EB /* CroptypeScanView.swift */; };
		14BA675B27EFA000008F86EB /* ScanView.swift in Sources */ = {isa = PBXBuildFile; fileRef = 14BA675A27EFA000008F86EB /* ScanView.swift */; };
		14BA676227EFA20E008F86EB /* ViewModel.swift in Sources */ = {isa = PBXBuildFile; fileRef = 14BA676127EFA20E008F86EB /* ViewModel.swift */; };
		14BA676427EFA228008F86EB /* Picker.swift in Sources */ = {isa = PBXBuildFile; fileRef = 14BA676327EFA228008F86EB /* Picker.swift */; };
		14BA676627EFA25E008F86EB /* ImagePicker.swift in Sources */ = {isa = PBXBuildFile; fileRef = 14BA676527EFA25E008F86EB /* ImagePicker.swift */; };
		14BA676827EFA286008F86EB /* ZoomableScrollView.swift in Sources */ = {isa = PBXBuildFile; fileRef = 14BA676727EFA286008F86EB /* ZoomableScrollView.swift */; };
		14BA676A27EFA2CB008F86EB /* FileManager+Extension.swift in Sources */ = {isa = PBXBuildFile; fileRef = 14BA676927EFA2CB008F86EB /* FileManager+Extension.swift */; };
		14BA676D27EFB1BF008F86EB /* ResultsView.swift in Sources */ = {isa = PBXBuildFile; fileRef = 14BA676C27EFB1BF008F86EB /* ResultsView.swift */; };
		14C0132127F530A600825F35 /* bulb.gif in Resources */ = {isa = PBXBuildFile; fileRef = 14C0132027F530A600825F35 /* bulb.gif */; };
		14D1EAE327F0E94200735E46 /* checked.gif in Resources */ = {isa = PBXBuildFile; fileRef = 14D1EAE227F0E94200735E46 /* checked.gif */; };
		14D1EAE527F0EB8D00735E46 /* AddItemView.swift in Sources */ = {isa = PBXBuildFile; fileRef = 14D1EAE427F0EB8D00735E46 /* AddItemView.swift */; };
		14D1EAEB27F0F6CF00735E46 /* done.gif in Resources */ = {isa = PBXBuildFile; fileRef = 14D1EAEA27F0F6CF00735E46 /* done.gif */; };
		14D1EAED27F1026C00735E46 /* CartView.swift in Sources */ = {isa = PBXBuildFile; fileRef = 14D1EAEC27F1026C00735E46 /* CartView.swift */; };
		14D1EAEF27F10FFD00735E46 /* CheckoutView.swift in Sources */ = {isa = PBXBuildFile; fileRef = 14D1EAEE27F10FFD00735E46 /* CheckoutView.swift */; };
		14D1EAF127F1193500735E46 /* payment.gif in Resources */ = {isa = PBXBuildFile; fileRef = 14D1EAF027F1193500735E46 /* payment.gif */; };
		14D1EAF327F1258300735E46 /* address.gif in Resources */ = {isa = PBXBuildFile; fileRef = 14D1EAF227F1258300735E46 /* address.gif */; };
		C9E15D7B27D6BD67002E90D7 /* DemeterApp.swift in Sources */ = {isa = PBXBuildFile; fileRef = C9E15D7A27D6BD67002E90D7 /* DemeterApp.swift */; };
		C9E15D7D27D6BD67002E90D7 /* ContentView.swift in Sources */ = {isa = PBXBuildFile; fileRef = C9E15D7C27D6BD67002E90D7 /* ContentView.swift */; };
		C9E15D7F27D6BD68002E90D7 /* Assets.xcassets in Resources */ = {isa = PBXBuildFile; fileRef = C9E15D7E27D6BD68002E90D7 /* Assets.xcassets */; };
		C9E15D8227D6BD68002E90D7 /* Preview Assets.xcassets in Resources */ = {isa = PBXBuildFile; fileRef = C9E15D8127D6BD68002E90D7 /* Preview Assets.xcassets */; };
		C9E15D8A27D6C42D002E90D7 /* LoginView.swift in Sources */ = {isa = PBXBuildFile; fileRef = C9E15D8927D6C42D002E90D7 /* LoginView.swift */; };
/* End PBXBuildFile section */

/* Begin PBXFileReference section */
		142A21C527EAA3DC00D7FA1F /* SecondOnboardingView.swift */ = {isa = PBXFileReference; lastKnownFileType = sourcecode.swift; path = SecondOnboardingView.swift; sourceTree = "<group>"; };
		142A21C727EAA4DD00D7FA1F /* ThirdOnboardingView.swift */ = {isa = PBXFileReference; lastKnownFileType = sourcecode.swift; path = ThirdOnboardingView.swift; sourceTree = "<group>"; };
		1451B77C27DAD69500D908E6 /* OnboardingView.swift */ = {isa = PBXFileReference; lastKnownFileType = sourcecode.swift; path = OnboardingView.swift; sourceTree = "<group>"; };
		1451B77E27DAD89000D908E6 /* HomeView.swift */ = {isa = PBXFileReference; lastKnownFileType = sourcecode.swift; path = HomeView.swift; sourceTree = "<group>"; };
		1451B78427DADAF900D908E6 /* SplashScreenView.swift */ = {isa = PBXFileReference; lastKnownFileType = sourcecode.swift; path = SplashScreenView.swift; sourceTree = "<group>"; };
		146347E027F01C6300DE9D7A /* GifImage.swift */ = {isa = PBXFileReference; lastKnownFileType = sourcecode.swift; path = GifImage.swift; sourceTree = "<group>"; };
		146347F127F02A5400DE9D7A /* scanning.gif */ = {isa = PBXFileReference; lastKnownFileType = image.gif; path = scanning.gif; sourceTree = "<group>"; };
		14BA675627EF93EB008F86EB /* ItemView.swift */ = {isa = PBXFileReference; lastKnownFileType = sourcecode.swift; path = ItemView.swift; sourceTree = "<group>"; };
		14BA675827EF9D85008F86EB /* CroptypeScanView.swift */ = {isa = PBXFileReference; lastKnownFileType = sourcecode.swift; path = CroptypeScanView.swift; sourceTree = "<group>"; };
		14BA675A27EFA000008F86EB /* ScanView.swift */ = {isa = PBXFileReference; lastKnownFileType = sourcecode.swift; path = ScanView.swift; sourceTree = "<group>"; };
		14BA676127EFA20E008F86EB /* ViewModel.swift */ = {isa = PBXFileReference; lastKnownFileType = sourcecode.swift; path = ViewModel.swift; sourceTree = "<group>"; };
		14BA676327EFA228008F86EB /* Picker.swift */ = {isa = PBXFileReference; lastKnownFileType = sourcecode.swift; path = Picker.swift; sourceTree = "<group>"; };
		14BA676527EFA25E008F86EB /* ImagePicker.swift */ = {isa = PBXFileReference; lastKnownFileType = sourcecode.swift; path = ImagePicker.swift; sourceTree = "<group>"; };
		14BA676727EFA286008F86EB /* ZoomableScrollView.swift */ = {isa = PBXFileReference; lastKnownFileType = sourcecode.swift; path = ZoomableScrollView.swift; sourceTree = "<group>"; };
		14BA676927EFA2CB008F86EB /* FileManager+Extension.swift */ = {isa = PBXFileReference; lastKnownFileType = sourcecode.swift; path = "FileManager+Extension.swift"; sourceTree = "<group>"; };
		14BA676B27EFA9E6008F86EB /* Info.plist */ = {isa = PBXFileReference; lastKnownFileType = text.plist; path = Info.plist; sourceTree = "<group>"; };
		14BA676C27EFB1BF008F86EB /* ResultsView.swift */ = {isa = PBXFileReference; lastKnownFileType = sourcecode.swift; path = ResultsView.swift; sourceTree = "<group>"; };
		14C0132027F530A600825F35 /* bulb.gif */ = {isa = PBXFileReference; lastKnownFileType = image.gif; path = bulb.gif; sourceTree = "<group>"; };
		14D1EAE227F0E94200735E46 /* checked.gif */ = {isa = PBXFileReference; lastKnownFileType = image.gif; path = checked.gif; sourceTree = "<group>"; };
		14D1EAE427F0EB8D00735E46 /* AddItemView.swift */ = {isa = PBXFileReference; lastKnownFileType = sourcecode.swift; path = AddItemView.swift; sourceTree = "<group>"; };
		14D1EAEA27F0F6CF00735E46 /* done.gif */ = {isa = PBXFileReference; lastKnownFileType = image.gif; path = done.gif; sourceTree = "<group>"; };
		14D1EAEC27F1026C00735E46 /* CartView.swift */ = {isa = PBXFileReference; lastKnownFileType = sourcecode.swift; path = CartView.swift; sourceTree = "<group>"; };
		14D1EAEE27F10FFD00735E46 /* CheckoutView.swift */ = {isa = PBXFileReference; lastKnownFileType = sourcecode.swift; path = CheckoutView.swift; sourceTree = "<group>"; };
		14D1EAF027F1193500735E46 /* payment.gif */ = {isa = PBXFileReference; lastKnownFileType = image.gif; path = payment.gif; sourceTree = "<group>"; };
		14D1EAF227F1258300735E46 /* address.gif */ = {isa = PBXFileReference; lastKnownFileType = image.gif; path = address.gif; sourceTree = "<group>"; };
		C9E15D7727D6BD67002E90D7 /* Demeter.app */ = {isa = PBXFileReference; explicitFileType = wrapper.application; includeInIndex = 0; path = Demeter.app; sourceTree = BUILT_PRODUCTS_DIR; };
		C9E15D7A27D6BD67002E90D7 /* DemeterApp.swift */ = {isa = PBXFileReference; lastKnownFileType = sourcecode.swift; path = DemeterApp.swift; sourceTree = "<group>"; };
		C9E15D7C27D6BD67002E90D7 /* ContentView.swift */ = {isa = PBXFileReference; lastKnownFileType = sourcecode.swift; path = ContentView.swift; sourceTree = "<group>"; };
		C9E15D7E27D6BD68002E90D7 /* Assets.xcassets */ = {isa = PBXFileReference; lastKnownFileType = folder.assetcatalog; path = Assets.xcassets; sourceTree = "<group>"; };
		C9E15D8127D6BD68002E90D7 /* Preview Assets.xcassets */ = {isa = PBXFileReference; lastKnownFileType = folder.assetcatalog; path = "Preview Assets.xcassets"; sourceTree = "<group>"; };
		C9E15D8927D6C42D002E90D7 /* LoginView.swift */ = {isa = PBXFileReference; lastKnownFileType = sourcecode.swift; path = LoginView.swift; sourceTree = "<group>"; };
/* End PBXFileReference section */

/* Begin PBXFrameworksBuildPhase section */
		C9E15D7427D6BD67002E90D7 /* Frameworks */ = {
			isa = PBXFrameworksBuildPhase;
			buildActionMask = 2147483647;
			files = (
			);
			runOnlyForDeploymentPostprocessing = 0;
		};
/* End PBXFrameworksBuildPhase section */

/* Begin PBXGroup section */
		1451B77B27DAD5FF00D908E6 /* Screens */ = {
			isa = PBXGroup;
			children = (
				C9E15D7C27D6BD67002E90D7 /* ContentView.swift */,
				C9E15D8927D6C42D002E90D7 /* LoginView.swift */,
				1451B77C27DAD69500D908E6 /* OnboardingView.swift */,
				1451B77E27DAD89000D908E6 /* HomeView.swift */,
				1451B78427DADAF900D908E6 /* SplashScreenView.swift */,
				142A21C527EAA3DC00D7FA1F /* SecondOnboardingView.swift */,
				142A21C727EAA4DD00D7FA1F /* ThirdOnboardingView.swift */,
				14BA675627EF93EB008F86EB /* ItemView.swift */,
				14BA675827EF9D85008F86EB /* CroptypeScanView.swift */,
				14BA675A27EFA000008F86EB /* ScanView.swift */,
				14BA676C27EFB1BF008F86EB /* ResultsView.swift */,
				146347E027F01C6300DE9D7A /* GifImage.swift */,
				14D1EAE427F0EB8D00735E46 /* AddItemView.swift */,
				14D1EAEC27F1026C00735E46 /* CartView.swift */,
				14D1EAEE27F10FFD00735E46 /* CheckoutView.swift */,
			);
			path = Screens;
			sourceTree = "<group>";
		};
		146347E227F01C8400DE9D7A /* Gif */ = {
			isa = PBXGroup;
			children = (
				14C0132027F530A600825F35 /* bulb.gif */,
				14D1EAF227F1258300735E46 /* address.gif */,
				14D1EAF027F1193500735E46 /* payment.gif */,
				14D1EAEA27F0F6CF00735E46 /* done.gif */,
				14D1EAE227F0E94200735E46 /* checked.gif */,
				146347F127F02A5400DE9D7A /* scanning.gif */,
			);
			path = Gif;
			sourceTree = "<group>";
		};
		14BA675D27EFA198008F86EB /* ViewModels */ = {
			isa = PBXGroup;
			children = (
				14BA676127EFA20E008F86EB /* ViewModel.swift */,
			);
			path = ViewModels;
			sourceTree = "<group>";
		};
		14BA675E27EFA1BF008F86EB /* Models */ = {
			isa = PBXGroup;
			children = (
				14BA676327EFA228008F86EB /* Picker.swift */,
			);
			path = Models;
			sourceTree = "<group>";
		};
		14BA675F27EFA1C6008F86EB /* UIViewRepresentables */ = {
			isa = PBXGroup;
			children = (
				14BA676527EFA25E008F86EB /* ImagePicker.swift */,
				14BA676727EFA286008F86EB /* ZoomableScrollView.swift */,
			);
			path = UIViewRepresentables;
			sourceTree = "<group>";
		};
		14BA676027EFA1D9008F86EB /* Extensions */ = {
			isa = PBXGroup;
			children = (
				14BA676927EFA2CB008F86EB /* FileManager+Extension.swift */,
			);
			path = Extensions;
			sourceTree = "<group>";
		};
		C9E15D6E27D6BD67002E90D7 = {
			isa = PBXGroup;
			children = (
				146347E227F01C8400DE9D7A /* Gif */,
				C9E15D7927D6BD67002E90D7 /* Demeter */,
				C9E15D7827D6BD67002E90D7 /* Products */,
			);
			sourceTree = "<group>";
		};
		C9E15D7827D6BD67002E90D7 /* Products */ = {
			isa = PBXGroup;
			children = (
				C9E15D7727D6BD67002E90D7 /* Demeter.app */,
			);
			name = Products;
			sourceTree = "<group>";
		};
		C9E15D7927D6BD67002E90D7 /* Demeter */ = {
			isa = PBXGroup;
			children = (
				14BA676B27EFA9E6008F86EB /* Info.plist */,
				14BA676027EFA1D9008F86EB /* Extensions */,
				14BA675F27EFA1C6008F86EB /* UIViewRepresentables */,
				14BA675E27EFA1BF008F86EB /* Models */,
				14BA675D27EFA198008F86EB /* ViewModels */,
				1451B77B27DAD5FF00D908E6 /* Screens */,
				C9E15D7A27D6BD67002E90D7 /* DemeterApp.swift */,
				C9E15D7E27D6BD68002E90D7 /* Assets.xcassets */,
				C9E15D8027D6BD68002E90D7 /* Preview Content */,
			);
			path = Demeter;
			sourceTree = "<group>";
		};
		C9E15D8027D6BD68002E90D7 /* Preview Content */ = {
			isa = PBXGroup;
			children = (
				C9E15D8127D6BD68002E90D7 /* Preview Assets.xcassets */,
			);
			path = "Preview Content";
			sourceTree = "<group>";
		};
/* End PBXGroup section */

/* Begin PBXNativeTarget section */
		C9E15D7627D6BD67002E90D7 /* Demeter */ = {
			isa = PBXNativeTarget;
			buildConfigurationList = C9E15D8527D6BD68002E90D7 /* Build configuration list for PBXNativeTarget "Demeter" */;
			buildPhases = (
				C9E15D7327D6BD67002E90D7 /* Sources */,
				C9E15D7427D6BD67002E90D7 /* Frameworks */,
				C9E15D7527D6BD67002E90D7 /* Resources */,
			);
			buildRules = (
			);
			dependencies = (
			);
			name = Demeter;
			productName = Demeter;
			productReference = C9E15D7727D6BD67002E90D7 /* Demeter.app */;
			productType = "com.apple.product-type.application";
		};
/* End PBXNativeTarget section */

/* Begin PBXProject section */
		C9E15D6F27D6BD67002E90D7 /* Project object */ = {
			isa = PBXProject;
			attributes = {
				BuildIndependentTargetsInParallel = 1;
				LastSwiftUpdateCheck = 1320;
				LastUpgradeCheck = 1320;
				TargetAttributes = {
					C9E15D7627D6BD67002E90D7 = {
						CreatedOnToolsVersion = 13.2.1;
					};
				};
			};
			buildConfigurationList = C9E15D7227D6BD67002E90D7 /* Build configuration list for PBXProject "Demeter" */;
			compatibilityVersion = "Xcode 13.0";
			developmentRegion = en;
			hasScannedForEncodings = 0;
			knownRegions = (
				en,
				Base,
			);
			mainGroup = C9E15D6E27D6BD67002E90D7;
			productRefGroup = C9E15D7827D6BD67002E90D7 /* Products */;
			projectDirPath = "";
			projectRoot = "";
			targets = (
				C9E15D7627D6BD67002E90D7 /* Demeter */,
			);
		};
/* End PBXProject section */

/* Begin PBXResourcesBuildPhase section */
		C9E15D7527D6BD67002E90D7 /* Resources */ = {
			isa = PBXResourcesBuildPhase;
			buildActionMask = 2147483647;
			files = (
				14D1EAF327F1258300735E46 /* address.gif in Resources */,
				14C0132127F530A600825F35 /* bulb.gif in Resources */,
				146347F227F02A5400DE9D7A /* scanning.gif in Resources */,
				C9E15D8227D6BD68002E90D7 /* Preview Assets.xcassets in Resources */,
				14D1EAEB27F0F6CF00735E46 /* done.gif in Resources */,
				14D1EAE327F0E94200735E46 /* checked.gif in Resources */,
				C9E15D7F27D6BD68002E90D7 /* Assets.xcassets in Resources */,
				14D1EAF127F1193500735E46 /* payment.gif in Resources */,
			);
			runOnlyForDeploymentPostprocessing = 0;
		};
/* End PBXResourcesBuildPhase section */

/* Begin PBXSourcesBuildPhase section */
		C9E15D7327D6BD67002E90D7 /* Sources */ = {
			isa = PBXSourcesBuildPhase;
			buildActionMask = 2147483647;
			files = (
				1451B78527DADAF900D908E6 /* SplashScreenView.swift in Sources */,
				C9E15D8A27D6C42D002E90D7 /* LoginView.swift in Sources */,
				146347E127F01C6300DE9D7A /* GifImage.swift in Sources */,
				14BA675727EF93EB008F86EB /* ItemView.swift in Sources */,
				14BA675927EF9D85008F86EB /* CroptypeScanView.swift in Sources */,
				14BA675B27EFA000008F86EB /* ScanView.swift in Sources */,
				14BA676827EFA286008F86EB /* ZoomableScrollView.swift in Sources */,
				14BA676227EFA20E008F86EB /* ViewModel.swift in Sources */,
				C9E15D7D27D6BD67002E90D7 /* ContentView.swift in Sources */,
				14D1EAE527F0EB8D00735E46 /* AddItemView.swift in Sources */,
				14D1EAED27F1026C00735E46 /* CartView.swift in Sources */,
				1451B77F27DAD89000D908E6 /* HomeView.swift in Sources */,
				14BA676427EFA228008F86EB /* Picker.swift in Sources */,
				14BA676A27EFA2CB008F86EB /* FileManager+Extension.swift in Sources */,
				1451B77D27DAD69500D908E6 /* OnboardingView.swift in Sources */,
				142A21C827EAA4DD00D7FA1F /* ThirdOnboardingView.swift in Sources */,
				14BA676627EFA25E008F86EB /* ImagePicker.swift in Sources */,
				14D1EAEF27F10FFD00735E46 /* CheckoutView.swift in Sources */,
				C9E15D7B27D6BD67002E90D7 /* DemeterApp.swift in Sources */,
				14BA676D27EFB1BF008F86EB /* ResultsView.swift in Sources */,
				142A21C627EAA3DC00D7FA1F /* SecondOnboardingView.swift in Sources */,
			);
			runOnlyForDeploymentPostprocessing = 0;
		};
/* End PBXSourcesBuildPhase section */

/* Begin XCBuildConfiguration section */
		C9E15D8327D6BD68002E90D7 /* Debug */ = {
			isa = XCBuildConfiguration;
			buildSettings = {
				ALWAYS_SEARCH_USER_PATHS = NO;
				CLANG_ANALYZER_NONNULL = YES;
				CLANG_ANALYZER_NUMBER_OBJECT_CONVERSION = YES_AGGRESSIVE;
				CLANG_CXX_LANGUAGE_STANDARD = "gnu++17";
				CLANG_CXX_LIBRARY = "libc++";
				CLANG_ENABLE_MODULES = YES;
				CLANG_ENABLE_OBJC_ARC = YES;
				CLANG_ENABLE_OBJC_WEAK = YES;
				CLANG_WARN_BLOCK_CAPTURE_AUTORELEASING = YES;
				CLANG_WARN_BOOL_CONVERSION = YES;
				CLANG_WARN_COMMA = YES;
				CLANG_WARN_CONSTANT_CONVERSION = YES;
				CLANG_WARN_DEPRECATED_OBJC_IMPLEMENTATIONS = YES;
				CLANG_WARN_DIRECT_OBJC_ISA_USAGE = YES_ERROR;
				CLANG_WARN_DOCUMENTATION_COMMENTS = YES;
				CLANG_WARN_EMPTY_BODY = YES;
				CLANG_WARN_ENUM_CONVERSION = YES;
				CLANG_WARN_INFINITE_RECURSION = YES;
				CLANG_WARN_INT_CONVERSION = YES;
				CLANG_WARN_NON_LITERAL_NULL_CONVERSION = YES;
				CLANG_WARN_OBJC_IMPLICIT_RETAIN_SELF = YES;
				CLANG_WARN_OBJC_LITERAL_CONVERSION = YES;
				CLANG_WARN_OBJC_ROOT_CLASS = YES_ERROR;
				CLANG_WARN_QUOTED_INCLUDE_IN_FRAMEWORK_HEADER = YES;
				CLANG_WARN_RANGE_LOOP_ANALYSIS = YES;
				CLANG_WARN_STRICT_PROTOTYPES = YES;
				CLANG_WARN_SUSPICIOUS_MOVE = YES;
				CLANG_WARN_UNGUARDED_AVAILABILITY = YES_AGGRESSIVE;
				CLANG_WARN_UNREACHABLE_CODE = YES;
				CLANG_WARN__DUPLICATE_METHOD_MATCH = YES;
				COPY_PHASE_STRIP = NO;
				DEBUG_INFORMATION_FORMAT = dwarf;
				ENABLE_STRICT_OBJC_MSGSEND = YES;
				ENABLE_TESTABILITY = YES;
				GCC_C_LANGUAGE_STANDARD = gnu11;
				GCC_DYNAMIC_NO_PIC = NO;
				GCC_NO_COMMON_BLOCKS = YES;
				GCC_OPTIMIZATION_LEVEL = 0;
				GCC_PREPROCESSOR_DEFINITIONS = (
					"DEBUG=1",
					"$(inherited)",
				);
				GCC_WARN_64_TO_32_BIT_CONVERSION = YES;
				GCC_WARN_ABOUT_RETURN_TYPE = YES_ERROR;
				GCC_WARN_UNDECLARED_SELECTOR = YES;
				GCC_WARN_UNINITIALIZED_AUTOS = YES_AGGRESSIVE;
				GCC_WARN_UNUSED_FUNCTION = YES;
				GCC_WARN_UNUSED_VARIABLE = YES;
				IPHONEOS_DEPLOYMENT_TARGET = 15.2;
				MTL_ENABLE_DEBUG_INFO = INCLUDE_SOURCE;
				MTL_FAST_MATH = YES;
				ONLY_ACTIVE_ARCH = YES;
				SDKROOT = iphoneos;
				SWIFT_ACTIVE_COMPILATION_CONDITIONS = DEBUG;
				SWIFT_OPTIMIZATION_LEVEL = "-Onone";
			};
			name = Debug;
		};
		C9E15D8427D6BD68002E90D7 /* Release */ = {
			isa = XCBuildConfiguration;
			buildSettings = {
				ALWAYS_SEARCH_USER_PATHS = NO;
				CLANG_ANALYZER_NONNULL = YES;
				CLANG_ANALYZER_NUMBER_OBJECT_CONVERSION = YES_AGGRESSIVE;
				CLANG_CXX_LANGUAGE_STANDARD = "gnu++17";
				CLANG_CXX_LIBRARY = "libc++";
				CLANG_ENABLE_MODULES = YES;
				CLANG_ENABLE_OBJC_ARC = YES;
				CLANG_ENABLE_OBJC_WEAK = YES;
				CLANG_WARN_BLOCK_CAPTURE_AUTORELEASING = YES;
				CLANG_WARN_BOOL_CONVERSION = YES;
				CLANG_WARN_COMMA = YES;
				CLANG_WARN_CONSTANT_CONVERSION = YES;
				CLANG_WARN_DEPRECATED_OBJC_IMPLEMENTATIONS = YES;
				CLANG_WARN_DIRECT_OBJC_ISA_USAGE = YES_ERROR;
				CLANG_WARN_DOCUMENTATION_COMMENTS = YES;
				CLANG_WARN_EMPTY_BODY = YES;
				CLANG_WARN_ENUM_CONVERSION = YES;
				CLANG_WARN_INFINITE_RECURSION = YES;
				CLANG_WARN_INT_CONVERSION = YES;
				CLANG_WARN_NON_LITERAL_NULL_CONVERSION = YES;
				CLANG_WARN_OBJC_IMPLICIT_RETAIN_SELF = YES;
				CLANG_WARN_OBJC_LITERAL_CONVERSION = YES;
				CLANG_WARN_OBJC_ROOT_CLASS = YES_ERROR;
				CLANG_WARN_QUOTED_INCLUDE_IN_FRAMEWORK_HEADER = YES;
				CLANG_WARN_RANGE_LOOP_ANALYSIS = YES;
				CLANG_WARN_STRICT_PROTOTYPES = YES;
				CLANG_WARN_SUSPICIOUS_MOVE = YES;
				CLANG_WARN_UNGUARDED_AVAILABILITY = YES_AGGRESSIVE;
				CLANG_WARN_UNREACHABLE_CODE = YES;
				CLANG_WARN__DUPLICATE_METHOD_MATCH = YES;
				COPY_PHASE_STRIP = NO;
				DEBUG_INFORMATION_FORMAT = "dwarf-with-dsym";
				ENABLE_NS_ASSERTIONS = NO;
				ENABLE_STRICT_OBJC_MSGSEND = YES;
				GCC_C_LANGUAGE_STANDARD = gnu11;
				GCC_NO_COMMON_BLOCKS = YES;
				GCC_WARN_64_TO_32_BIT_CONVERSION = YES;
				GCC_WARN_ABOUT_RETURN_TYPE = YES_ERROR;
				GCC_WARN_UNDECLARED_SELECTOR = YES;
				GCC_WARN_UNINITIALIZED_AUTOS = YES_AGGRESSIVE;
				GCC_WARN_UNUSED_FUNCTION = YES;
				GCC_WARN_UNUSED_VARIABLE = YES;
				IPHONEOS_DEPLOYMENT_TARGET = 15.2;
				MTL_ENABLE_DEBUG_INFO = NO;
				MTL_FAST_MATH = YES;
				SDKROOT = iphoneos;
				SWIFT_COMPILATION_MODE = wholemodule;
				SWIFT_OPTIMIZATION_LEVEL = "-O";
				VALIDATE_PRODUCT = YES;
			};
			name = Release;
		};
		C9E15D8627D6BD68002E90D7 /* Debug */ = {
			isa = XCBuildConfiguration;
			buildSettings = {
				ASSETCATALOG_COMPILER_APPICON_NAME = AppIcon;
				ASSETCATALOG_COMPILER_GLOBAL_ACCENT_COLOR_NAME = AccentColor;
				CODE_SIGN_STYLE = Automatic;
				CURRENT_PROJECT_VERSION = 1;
				DEVELOPMENT_ASSET_PATHS = "\"Demeter/Preview Content\"";
				DEVELOPMENT_TEAM = 7A2WQNQZNP;
				ENABLE_PREVIEWS = YES;
				GENERATE_INFOPLIST_FILE = YES;
				INFOPLIST_FILE = Demeter/Info.plist;
				INFOPLIST_KEY_NSCameraUsageDescription = "Demeter would like to access your camera";
				INFOPLIST_KEY_UIApplicationSceneManifest_Generation = YES;
				INFOPLIST_KEY_UIApplicationSupportsIndirectInputEvents = YES;
				INFOPLIST_KEY_UILaunchScreen_Generation = YES;
				INFOPLIST_KEY_UISupportedInterfaceOrientations_iPad = "UIInterfaceOrientationPortrait UIInterfaceOrientationPortraitUpsideDown UIInterfaceOrientationLandscapeLeft UIInterfaceOrientationLandscapeRight";
				INFOPLIST_KEY_UISupportedInterfaceOrientations_iPhone = "UIInterfaceOrientationPortrait UIInterfaceOrientationLandscapeLeft UIInterfaceOrientationLandscapeRight";
				LD_RUNPATH_SEARCH_PATHS = (
					"$(inherited)",
					"@executable_path/Frameworks",
				);
				MARKETING_VERSION = 1.0;
				PRODUCT_BUNDLE_IDENTIFIER = com.demeter.Demeter;
				PRODUCT_NAME = "$(TARGET_NAME)";
				SWIFT_EMIT_LOC_STRINGS = YES;
				SWIFT_VERSION = 5.0;
				TARGETED_DEVICE_FAMILY = "1,2";
			};
			name = Debug;
		};
		C9E15D8727D6BD68002E90D7 /* Release */ = {
			isa = XCBuildConfiguration;
			buildSettings = {
				ASSETCATALOG_COMPILER_APPICON_NAME = AppIcon;
				ASSETCATALOG_COMPILER_GLOBAL_ACCENT_COLOR_NAME = AccentColor;
				CODE_SIGN_STYLE = Automatic;
				CURRENT_PROJECT_VERSION = 1;
				DEVELOPMENT_ASSET_PATHS = "\"Demeter/Preview Content\"";
				DEVELOPMENT_TEAM = 7A2WQNQZNP;
				ENABLE_PREVIEWS = YES;
				GENERATE_INFOPLIST_FILE = YES;
				INFOPLIST_FILE = Demeter/Info.plist;
				INFOPLIST_KEY_NSCameraUsageDescription = "Demeter would like to access your camera";
				INFOPLIST_KEY_UIApplicationSceneManifest_Generation = YES;
				INFOPLIST_KEY_UIApplicationSupportsIndirectInputEvents = YES;
				INFOPLIST_KEY_UILaunchScreen_Generation = YES;
				INFOPLIST_KEY_UISupportedInterfaceOrientations_iPad = "UIInterfaceOrientationPortrait UIInterfaceOrientationPortraitUpsideDown UIInterfaceOrientationLandscapeLeft UIInterfaceOrientationLandscapeRight";
				INFOPLIST_KEY_UISupportedInterfaceOrientations_iPhone = "UIInterfaceOrientationPortrait UIInterfaceOrientationLandscapeLeft UIInterfaceOrientationLandscapeRight";
				LD_RUNPATH_SEARCH_PATHS = (
					"$(inherited)",
					"@executable_path/Frameworks",
				);
				MARKETING_VERSION = 1.0;
				PRODUCT_BUNDLE_IDENTIFIER = com.demeter.Demeter;
				PRODUCT_NAME = "$(TARGET_NAME)";
				SWIFT_EMIT_LOC_STRINGS = YES;
				SWIFT_VERSION = 5.0;
				TARGETED_DEVICE_FAMILY = "1,2";
			};
			name = Release;
		};
/* End XCBuildConfiguration section */

/* Begin XCConfigurationList section */
		C9E15D7227D6BD67002E90D7 /* Build configuration list for PBXProject "Demeter" */ = {
			isa = XCConfigurationList;
			buildConfigurations = (
				C9E15D8327D6BD68002E90D7 /* Debug */,
				C9E15D8427D6BD68002E90D7 /* Release */,
			);
			defaultConfigurationIsVisible = 0;
			defaultConfigurationName = Release;
		};
		C9E15D8527D6BD68002E90D7 /* Build configuration list for PBXNativeTarget "Demeter" */ = {
			isa = XCConfigurationList;
			buildConfigurations = (
				C9E15D8627D6BD68002E90D7 /* Debug */,
				C9E15D8727D6BD68002E90D7 /* Release */,
			);
			defaultConfigurationIsVisible = 0;
			defaultConfigurationName = Release;
		};
/* End XCConfigurationList section */
	};
	rootObject = C9E15D6F27D6BD67002E90D7 /* Project object */;
}
